
Microsoft Visual Studio Solution File, Format Version 12.00
# Visual Studio Version 16
VisualStudioVersion = 16.0.29403.142
MinimumVisualStudioVersion = 10.0.40219.1
Project("{FAE04EC0-301F-11D3-BF4B-00C04F79EFBC}") = "dotnetcore-practice", "dotnetcore-practice\dotnetcore-practice.csproj", "{6D6F36F2-71A8-4402-8AA1-7612E8C87A14}"
EndProject
Global
	GlobalSection(SolutionConfigurationPlatforms) = preSolution
		Debug|Any CPU = Debug|Any CPU
		Release|Any CPU = Release|Any CPU
	EndGlobalSection
	GlobalSection(ProjectConfigurationPlatforms) = postSolution
		{6D6F36F2-71A8-4402-8AA1-7612E8C87A14}.Debug|Any CPU.ActiveCfg = Debug|Any CPU
		{6D6F36F2-71A8-4402-8AA1-7612E8C87A14}.Debug|Any CPU.Build.0 = Debug|Any CPU
		{6D6F36F2-71A8-4402-8AA1-7612E8C87A14}.Release|Any CPU.ActiveCfg = Release|Any CPU
		{6D6F36F2-71A8-4402-8AA1-7612E8C87A14}.Release|Any CPU.Build.0 = Release|Any CPU
	EndGlobalSection
	GlobalSection(SolutionProperties) = preSolution
		HideSolutionNode = FALSE
	EndGlobalSection
	GlobalSection(ExtensibilityGlobals) = postSolution
		SolutionGuid = {78BB760A-A5F9-4C08-AFE9-F829F36E5495}
	EndGlobalSection
EndGlobal
